
Microsoft Visual Studio Solution File, Format Version 12.00
# Visual Studio Version 16
VisualStudioVersion = 16.0.29728.190
MinimumVisualStudioVersion = 10.0.40219.1
Project("{FAE04EC0-301F-11D3-BF4B-00C04F79EFBC}") = "task12", "task12\task12.csproj", "{439CDAAB-2952-46C9-9752-1ADD34DCD36C}"
EndProject
Global
	GlobalSection(SolutionConfigurationPlatforms) = preSolution
		Debug|Any CPU = Debug|Any CPU
		Release|Any CPU = Release|Any CPU
	EndGlobalSection
	GlobalSection(ProjectConfigurationPlatforms) = postSolution
		{439CDAAB-2952-46C9-9752-1ADD34DCD36C}.Debug|Any CPU.ActiveCfg = Debug|Any CPU
		{439CDAAB-2952-46C9-9752-1ADD34DCD36C}.Debug|Any CPU.Build.0 = Debug|Any CPU
		{439CDAAB-2952-46C9-9752-1ADD34DCD36C}.Release|Any CPU.ActiveCfg = Release|Any CPU
		{439CDAAB-2952-46C9-9752-1ADD34DCD36C}.Release|Any CPU.Build.0 = Release|Any CPU
	EndGlobalSection
	GlobalSection(SolutionProperties) = preSolution
		HideSolutionNode = FALSE
	EndGlobalSection
	GlobalSection(ExtensibilityGlobals) = postSolution
		SolutionGuid = {1410AEA9-BC34-4E40-8968-E9AC969EFF05}
	EndGlobalSection
EndGlobal
